
Microsoft Visual Studio Solution File, Format Version 12.00
# Visual Studio 15
VisualStudioVersion = 15.0.28307.168
MinimumVisualStudioVersion = 10.0.40219.1
Project("{8BC9CEB8-8B4A-11D0-8D11-00A0C91BC942}") = "priority queue", "priority queue\priority queue.vcxproj", "{D9F4C000-9F1D-49DC-AF59-CF78ED2CDECD}"
EndProject
Global
	GlobalSection(SolutionConfigurationPlatforms) = preSolution
		Debug|x64 = Debug|x64
		Debug|x86 = Debug|x86
		Release|x64 = Release|x64
		Release|x86 = Release|x86
	EndGlobalSection
	GlobalSection(ProjectConfigurationPlatforms) = postSolution
		{D9F4C000-9F1D-49DC-AF59-CF78ED2CDECD}.Debug|x64.ActiveCfg = Debug|x64
		{D9F4C000-9F1D-49DC-AF59-CF78ED2CDECD}.Debug|x64.Build.0 = Debug|x64
		{D9F4C000-9F1D-49DC-AF59-CF78ED2CDECD}.Debug|x86.ActiveCfg = Debug|Win32
		{D9F4C000-9F1D-49DC-AF59-CF78ED2CDECD}.Debug|x86.Build.0 = Debug|Win32
		{D9F4C000-9F1D-49DC-AF59-CF78ED2CDECD}.Release|x64.ActiveCfg = Release|x64
		{D9F4C000-9F1D-49DC-AF59-CF78ED2CDECD}.Release|x64.Build.0 = Release|x64
		{D9F4C000-9F1D-49DC-AF59-CF78ED2CDECD}.Release|x86.ActiveCfg = Release|Win32
		{D9F4C000-9F1D-49DC-AF59-CF78ED2CDECD}.Release|x86.Build.0 = Release|Win32
	EndGlobalSection
	GlobalSection(SolutionProperties) = preSolution
		HideSolutionNode = FALSE
	EndGlobalSection
	GlobalSection(ExtensibilityGlobals) = postSolution
		SolutionGuid = {6ED3337A-EDFD-4E68-96BF-F385AA458A1B}
	EndGlobalSection
EndGlobal
